
Microsoft Visual Studio Solution File, Format Version 12.00
# Visual Studio Version 16
VisualStudioVersion = 16.0.30907.101
MinimumVisualStudioVersion = 10.0.40219.1
Project("{FAE04EC0-301F-11D3-BF4B-00C04F79EFBC}") = "HelloGame", "HelloGame\HelloGame.csproj", "{656E7150-4897-4A3C-AFCE-E1CBA4104283}"
EndProject
Global
	GlobalSection(SolutionConfigurationPlatforms) = preSolution
		Debug|Any CPU = Debug|Any CPU
		Release|Any CPU = Release|Any CPU
	EndGlobalSection
	GlobalSection(ProjectConfigurationPlatforms) = postSolution
		{656E7150-4897-4A3C-AFCE-E1CBA4104283}.Debug|Any CPU.ActiveCfg = Debug|Any CPU
		{656E7150-4897-4A3C-AFCE-E1CBA4104283}.Debug|Any CPU.Build.0 = Debug|Any CPU
		{656E7150-4897-4A3C-AFCE-E1CBA4104283}.Release|Any CPU.ActiveCfg = Release|Any CPU
		{656E7150-4897-4A3C-AFCE-E1CBA4104283}.Release|Any CPU.Build.0 = Release|Any CPU
	EndGlobalSection
	GlobalSection(SolutionProperties) = preSolution
		HideSolutionNode = FALSE
	EndGlobalSection
	GlobalSection(ExtensibilityGlobals) = postSolution
		SolutionGuid = {1A90D90B-38F3-49F6-A8F9-B3FCE307FAF0}
	EndGlobalSection
EndGlobal
